
Microsoft Visual Studio Solution File, Format Version 12.00
# Visual Studio Version 17
VisualStudioVersion = 17.5.33516.290
MinimumVisualStudioVersion = 10.0.40219.1
Project("{FAE04EC0-301F-11D3-BF4B-00C04F79EFBC}") = "wf06_listview", "wf06_listview\wf06_listview.csproj", "{68AB76BF-AE10-4615-BFE5-6FB35511CC7A}"
EndProject
Project("{FAE04EC0-301F-11D3-BF4B-00C04F79EFBC}") = "wf07_myexplorer", "wf07_myexplorer\wf07_myexplorer.csproj", "{60DC225C-C693-4606-B12E-2F84B657067B}"
EndProject
Global
	GlobalSection(SolutionConfigurationPlatforms) = preSolution
		Debug|Any CPU = Debug|Any CPU
		Release|Any CPU = Release|Any CPU
	EndGlobalSection
	GlobalSection(ProjectConfigurationPlatforms) = postSolution
		{68AB76BF-AE10-4615-BFE5-6FB35511CC7A}.Debug|Any CPU.ActiveCfg = Debug|Any CPU
		{68AB76BF-AE10-4615-BFE5-6FB35511CC7A}.Debug|Any CPU.Build.0 = Debug|Any CPU
		{68AB76BF-AE10-4615-BFE5-6FB35511CC7A}.Release|Any CPU.ActiveCfg = Release|Any CPU
		{68AB76BF-AE10-4615-BFE5-6FB35511CC7A}.Release|Any CPU.Build.0 = Release|Any CPU
		{60DC225C-C693-4606-B12E-2F84B657067B}.Debug|Any CPU.ActiveCfg = Debug|Any CPU
		{60DC225C-C693-4606-B12E-2F84B657067B}.Debug|Any CPU.Build.0 = Debug|Any CPU
		{60DC225C-C693-4606-B12E-2F84B657067B}.Release|Any CPU.ActiveCfg = Release|Any CPU
		{60DC225C-C693-4606-B12E-2F84B657067B}.Release|Any CPU.Build.0 = Release|Any CPU
	EndGlobalSection
	GlobalSection(SolutionProperties) = preSolution
		HideSolutionNode = FALSE
	EndGlobalSection
	GlobalSection(ExtensibilityGlobals) = postSolution
		SolutionGuid = {5ACA5B9D-FC21-47DF-BA56-26F9D7FC2B64}
	EndGlobalSection
EndGlobal
