
Microsoft Visual Studio Solution File, Format Version 12.00
# Visual Studio Version 17
VisualStudioVersion = 17.5.33516.290
MinimumVisualStudioVersion = 10.0.40219.1
Project("{FAE04EC0-301F-11D3-BF4B-00C04F79EFBC}") = "cs20_abstractClass", "cs20_abstractClass\cs20_abstractClass.csproj", "{6C247809-1D52-4210-B923-6BBA090797EA}"
EndProject
Project("{FAE04EC0-301F-11D3-BF4B-00C04F79EFBC}") = "cs21_property", "cs21_property\cs21_property.csproj", "{0A91F339-CE61-4C6F-A81C-3554A035F4B2}"
EndProject
Project("{FAE04EC0-301F-11D3-BF4B-00C04F79EFBC}") = "cs22_collection", "cs22_collection\cs22_collection.csproj", "{47EA2246-F781-4FAD-B7CB-6F080423C366}"
EndProject
Global
	GlobalSection(SolutionConfigurationPlatforms) = preSolution
		Debug|Any CPU = Debug|Any CPU
		Release|Any CPU = Release|Any CPU
	EndGlobalSection
	GlobalSection(ProjectConfigurationPlatforms) = postSolution
		{6C247809-1D52-4210-B923-6BBA090797EA}.Debug|Any CPU.ActiveCfg = Debug|Any CPU
		{6C247809-1D52-4210-B923-6BBA090797EA}.Debug|Any CPU.Build.0 = Debug|Any CPU
		{6C247809-1D52-4210-B923-6BBA090797EA}.Release|Any CPU.ActiveCfg = Release|Any CPU
		{6C247809-1D52-4210-B923-6BBA090797EA}.Release|Any CPU.Build.0 = Release|Any CPU
		{0A91F339-CE61-4C6F-A81C-3554A035F4B2}.Debug|Any CPU.ActiveCfg = Debug|Any CPU
		{0A91F339-CE61-4C6F-A81C-3554A035F4B2}.Debug|Any CPU.Build.0 = Debug|Any CPU
		{0A91F339-CE61-4C6F-A81C-3554A035F4B2}.Release|Any CPU.ActiveCfg = Release|Any CPU
		{0A91F339-CE61-4C6F-A81C-3554A035F4B2}.Release|Any CPU.Build.0 = Release|Any CPU
		{47EA2246-F781-4FAD-B7CB-6F080423C366}.Debug|Any CPU.ActiveCfg = Debug|Any CPU
		{47EA2246-F781-4FAD-B7CB-6F080423C366}.Debug|Any CPU.Build.0 = Debug|Any CPU
		{47EA2246-F781-4FAD-B7CB-6F080423C366}.Release|Any CPU.ActiveCfg = Release|Any CPU
		{47EA2246-F781-4FAD-B7CB-6F080423C366}.Release|Any CPU.Build.0 = Release|Any CPU
	EndGlobalSection
	GlobalSection(SolutionProperties) = preSolution
		HideSolutionNode = FALSE
	EndGlobalSection
	GlobalSection(ExtensibilityGlobals) = postSolution
		SolutionGuid = {C2A25928-8342-44B3-BFA9-894EF58C76CB}
	EndGlobalSection
EndGlobal
