
Microsoft Visual Studio Solution File, Format Version 12.00
# Visual Studio Version 17
VisualStudioVersion = 17.5.33516.290
MinimumVisualStudioVersion = 10.0.40219.1
Project("{FAE04EC0-301F-11D3-BF4B-00C04F79EFBC}") = "cs17_inheritance", "cs17_inheritance\cs17_inheritance.csproj", "{24B920EB-9441-481E-80E0-D665F2D43FDB}"
EndProject
Project("{FAE04EC0-301F-11D3-BF4B-00C04F79EFBC}") = "cs18_override", "cs18_override\cs18_override.csproj", "{441ED325-1158-4B4A-BE8E-A21950BA6489}"
EndProject
Project("{FAE04EC0-301F-11D3-BF4B-00C04F79EFBC}") = "cs19_Interface", "cs19_Interface\cs19_Interface.csproj", "{A0C6EC99-BD57-4E4D-9111-9494EB825BDA}"
EndProject
Global
	GlobalSection(SolutionConfigurationPlatforms) = preSolution
		Debug|Any CPU = Debug|Any CPU
		Release|Any CPU = Release|Any CPU
	EndGlobalSection
	GlobalSection(ProjectConfigurationPlatforms) = postSolution
		{24B920EB-9441-481E-80E0-D665F2D43FDB}.Debug|Any CPU.ActiveCfg = Debug|Any CPU
		{24B920EB-9441-481E-80E0-D665F2D43FDB}.Debug|Any CPU.Build.0 = Debug|Any CPU
		{24B920EB-9441-481E-80E0-D665F2D43FDB}.Release|Any CPU.ActiveCfg = Release|Any CPU
		{24B920EB-9441-481E-80E0-D665F2D43FDB}.Release|Any CPU.Build.0 = Release|Any CPU
		{441ED325-1158-4B4A-BE8E-A21950BA6489}.Debug|Any CPU.ActiveCfg = Debug|Any CPU
		{441ED325-1158-4B4A-BE8E-A21950BA6489}.Debug|Any CPU.Build.0 = Debug|Any CPU
		{441ED325-1158-4B4A-BE8E-A21950BA6489}.Release|Any CPU.ActiveCfg = Release|Any CPU
		{441ED325-1158-4B4A-BE8E-A21950BA6489}.Release|Any CPU.Build.0 = Release|Any CPU
		{A0C6EC99-BD57-4E4D-9111-9494EB825BDA}.Debug|Any CPU.ActiveCfg = Debug|Any CPU
		{A0C6EC99-BD57-4E4D-9111-9494EB825BDA}.Debug|Any CPU.Build.0 = Debug|Any CPU
		{A0C6EC99-BD57-4E4D-9111-9494EB825BDA}.Release|Any CPU.ActiveCfg = Release|Any CPU
		{A0C6EC99-BD57-4E4D-9111-9494EB825BDA}.Release|Any CPU.Build.0 = Release|Any CPU
	EndGlobalSection
	GlobalSection(SolutionProperties) = preSolution
		HideSolutionNode = FALSE
	EndGlobalSection
	GlobalSection(ExtensibilityGlobals) = postSolution
		SolutionGuid = {8D07C680-5D5D-4930-85DD-BD6DB8CC1C48}
	EndGlobalSection
EndGlobal
