
Microsoft Visual Studio Solution File, Format Version 12.00
# Visual Studio Version 17
VisualStudioVersion = 17.5.33516.290
MinimumVisualStudioVersion = 10.0.40219.1
Project("{FAE04EC0-301F-11D3-BF4B-00C04F79EFBC}") = "wf08_dbhandling", "wf08_dbhandling\wf08_dbhandling.csproj", "{5134378B-6944-4720-AE95-4558A531E5C1}"
EndProject
Project("{FAE04EC0-301F-11D3-BF4B-00C04F79EFBC}") = "wf07_myexplorer", "wf07_myexplorer\wf07_myexplorer.csproj", "{60DC225C-C693-4606-B12E-2F84B657067B}"
EndProject
Global
	GlobalSection(SolutionConfigurationPlatforms) = preSolution
		Debug|Any CPU = Debug|Any CPU
		Release|Any CPU = Release|Any CPU
	EndGlobalSection
	GlobalSection(ProjectConfigurationPlatforms) = postSolution
		{5134378B-6944-4720-AE95-4558A531E5C1}.Debug|Any CPU.ActiveCfg = Debug|Any CPU
		{5134378B-6944-4720-AE95-4558A531E5C1}.Debug|Any CPU.Build.0 = Debug|Any CPU
		{5134378B-6944-4720-AE95-4558A531E5C1}.Release|Any CPU.ActiveCfg = Release|Any CPU
		{5134378B-6944-4720-AE95-4558A531E5C1}.Release|Any CPU.Build.0 = Release|Any CPU
		{60DC225C-C693-4606-B12E-2F84B657067B}.Debug|Any CPU.ActiveCfg = Debug|Any CPU
		{60DC225C-C693-4606-B12E-2F84B657067B}.Debug|Any CPU.Build.0 = Debug|Any CPU
		{60DC225C-C693-4606-B12E-2F84B657067B}.Release|Any CPU.ActiveCfg = Release|Any CPU
		{60DC225C-C693-4606-B12E-2F84B657067B}.Release|Any CPU.Build.0 = Release|Any CPU
	EndGlobalSection
	GlobalSection(SolutionProperties) = preSolution
		HideSolutionNode = FALSE
	EndGlobalSection
	GlobalSection(ExtensibilityGlobals) = postSolution
		SolutionGuid = {E732FF0E-0FEB-4E5A-8E68-727CB518F022}
	EndGlobalSection
EndGlobal
