
Microsoft Visual Studio Solution File, Format Version 12.00
# Visual Studio Version 17
VisualStudioVersion = 17.5.33516.290
MinimumVisualStudioVersion = 10.0.40219.1
Project("{FAE04EC0-301F-11D3-BF4B-00C04F79EFBC}") = "Day01_variable", "Day01_variable.csproj", "{E6A107A2-6FB0-42FD-8C44-FE0D79E43BBC}"
EndProject
Global
	GlobalSection(SolutionConfigurationPlatforms) = preSolution
		Debug|Any CPU = Debug|Any CPU
		Release|Any CPU = Release|Any CPU
	EndGlobalSection
	GlobalSection(ProjectConfigurationPlatforms) = postSolution
		{E6A107A2-6FB0-42FD-8C44-FE0D79E43BBC}.Debug|Any CPU.ActiveCfg = Debug|Any CPU
		{E6A107A2-6FB0-42FD-8C44-FE0D79E43BBC}.Debug|Any CPU.Build.0 = Debug|Any CPU
		{E6A107A2-6FB0-42FD-8C44-FE0D79E43BBC}.Release|Any CPU.ActiveCfg = Release|Any CPU
		{E6A107A2-6FB0-42FD-8C44-FE0D79E43BBC}.Release|Any CPU.Build.0 = Release|Any CPU
	EndGlobalSection
	GlobalSection(SolutionProperties) = preSolution
		HideSolutionNode = FALSE
	EndGlobalSection
	GlobalSection(ExtensibilityGlobals) = postSolution
		SolutionGuid = {7D19FC00-46DA-490F-9663-27961CF4BD0E}
	EndGlobalSection
EndGlobal
