
Microsoft Visual Studio Solution File, Format Version 12.00
# Visual Studio Version 17
VisualStudioVersion = 17.5.33516.290
MinimumVisualStudioVersion = 10.0.40219.1
Project("{FAE04EC0-301F-11D3-BF4B-00C04F79EFBC}") = "wf04_fileCopy", "wf04_fileCopy\wf04_fileCopy.csproj", "{2E85DA78-8733-4A68-9427-E65CB2AEEA5B}"
EndProject
Project("{FAE04EC0-301F-11D3-BF4B-00C04F79EFBC}") = "wf05_Login", "wf05_Login\wf05_Login.csproj", "{7A1FEE3F-0069-4D61-AFF4-28981B3C2525}"
EndProject
Project("{FAE04EC0-301F-11D3-BF4B-00C04F79EFBC}") = "wf03_property", "..\..\Day03\Day03WinApp\wf03_property\wf03_property.csproj", "{33AB6FA8-7326-465B-B0FF-225A19749CD8}"
EndProject
Global
	GlobalSection(SolutionConfigurationPlatforms) = preSolution
		Debug|Any CPU = Debug|Any CPU
		Release|Any CPU = Release|Any CPU
	EndGlobalSection
	GlobalSection(ProjectConfigurationPlatforms) = postSolution
		{2E85DA78-8733-4A68-9427-E65CB2AEEA5B}.Debug|Any CPU.ActiveCfg = Debug|Any CPU
		{2E85DA78-8733-4A68-9427-E65CB2AEEA5B}.Debug|Any CPU.Build.0 = Debug|Any CPU
		{2E85DA78-8733-4A68-9427-E65CB2AEEA5B}.Release|Any CPU.ActiveCfg = Release|Any CPU
		{2E85DA78-8733-4A68-9427-E65CB2AEEA5B}.Release|Any CPU.Build.0 = Release|Any CPU
		{7A1FEE3F-0069-4D61-AFF4-28981B3C2525}.Debug|Any CPU.ActiveCfg = Debug|Any CPU
		{7A1FEE3F-0069-4D61-AFF4-28981B3C2525}.Debug|Any CPU.Build.0 = Debug|Any CPU
		{7A1FEE3F-0069-4D61-AFF4-28981B3C2525}.Release|Any CPU.ActiveCfg = Release|Any CPU
		{7A1FEE3F-0069-4D61-AFF4-28981B3C2525}.Release|Any CPU.Build.0 = Release|Any CPU
		{33AB6FA8-7326-465B-B0FF-225A19749CD8}.Debug|Any CPU.ActiveCfg = Debug|Any CPU
		{33AB6FA8-7326-465B-B0FF-225A19749CD8}.Debug|Any CPU.Build.0 = Debug|Any CPU
		{33AB6FA8-7326-465B-B0FF-225A19749CD8}.Release|Any CPU.ActiveCfg = Release|Any CPU
		{33AB6FA8-7326-465B-B0FF-225A19749CD8}.Release|Any CPU.Build.0 = Release|Any CPU
	EndGlobalSection
	GlobalSection(SolutionProperties) = preSolution
		HideSolutionNode = FALSE
	EndGlobalSection
	GlobalSection(ExtensibilityGlobals) = postSolution
		SolutionGuid = {57C71FEF-564C-4A24-A048-31FCA2E30098}
	EndGlobalSection
EndGlobal
